{
  "version": 1,
  "dependencies": {
    "net10.0-windows7.0": {
      "Meziantou.Analyzer": {
        "type": "Direct",
        "requested": "[3.0.296, )",
        "resolved": "3.0.296",
        "contentHash": "1Yp/6OK/Ev66hE2YLe9UvIgtJrKOX/xvoGDe0UbdtuG2ZxUoDoyONdEn+HWCDuy02Mu8SmglHEd/9SGPrM1qYg=="
      },
      "questionable.model": {
        "type": "Project"
      }
    }
  }
}