{
  "version": 1,
  "dependencies": {
    "net10.0": {
      "Meziantou.Analyzer": {
        "type": "Direct",
        "requested": "[3.0.122, )",
        "resolved": "3.0.122",
        "contentHash": "bmo+TIK9fLG/NzlZ2Qi5lto2jG/N6/zmc7gDVp5uzvVmnDKMV5SmUR7jToSbx/oqTPMV3ajyCmo2kFBdPDlU0A=="
      },
      "questionable.model": {
        "type": "Project"
      }
    }
  }
}