{
  "version": 1,
  "dependencies": {
    "net10.0-windows7.0": {
      "DalamudPackager": {
        "type": "Direct",
        "requested": "[15.0.0, )",
        "resolved": "15.0.0",
        "contentHash": "411vwC8/X8Z/sQ2TI6v3SvOn66xFPeOjFn3Zn+h0d3Ox2t1kFm66AhDvmx/qcMwVrR+Hidxj0dadpQ2dgyXMBQ=="
      },
      "DotNet.ReproducibleBuilds": {
        "type": "Direct",
        "requested": "[2.0.5, )",
        "resolved": "2.0.5",
        "contentHash": "8LrlvI1KpjjJ4VGSqZ16yoOCKlQnYS+Y8rYNifNrscmVh5anJcF9E4e0NiDP30BHBMUbkoJ5KdcxoRWM7Pz9Aw=="
      },
      "Meziantou.Analyzer": {
        "type": "Direct",
        "requested": "[3.0.296, )",
        "resolved": "3.0.296",
        "contentHash": "1Yp/6OK/Ev66hE2YLe9UvIgtJrKOX/xvoGDe0UbdtuG2ZxUoDoyONdEn+HWCDuy02Mu8SmglHEd/9SGPrM1qYg=="
      }
    }
  }
}