{
  "version": 1,
  "dependencies": {
    "net10.0-windows7.0": {
      "Dalamud.Extensions.MicrosoftLogging": {
        "type": "Direct",
        "requested": "[4.0.1, )",
        "resolved": "4.0.1",
        "contentHash": "fMEL2ajtF/30SBBku7vMyG0yye5eHN/A9fgT//1CEjUth/Wz2CYco5Ehye21T8KN1IuAPwoqJuu49rB71j+8ug==",
        "dependencies": {
          "Microsoft.Extensions.Logging": "8.0.0"
        }
      },
      "DalamudPackager": {
        "type": "Direct",
        "requested": "[15.0.0, )",
        "resolved": "15.0.0",
        "contentHash": "411vwC8/X8Z/sQ2TI6v3SvOn66xFPeOjFn3Zn+h0d3Ox2t1kFm66AhDvmx/qcMwVrR+Hidxj0dadpQ2dgyXMBQ=="
      },
      "DotNet.ReproducibleBuilds": {
        "type": "Direct",
        "requested": "[2.0.5, )",
        "resolved": "2.0.5",
        "contentHash": "8LrlvI1KpjjJ4VGSqZ16yoOCKlQnYS+Y8rYNifNrscmVh5anJcF9E4e0NiDP30BHBMUbkoJ5KdcxoRWM7Pz9Aw=="
      },
      "ECommons": {
        "type": "Direct",
        "requested": "[3.2.1.22, )",
        "resolved": "3.2.1.22",
        "contentHash": "dGjjULRQtFbTdau9Cu1VcIQTwsbdomRxugyLciWrawHQ7nfNm76H8oUwAZFztwKtt3moiMdevzRVGIBsrgHO3g=="
      },
      "I18N.DotNet": {
        "type": "Direct",
        "requested": "[1.3.1, )",
        "resolved": "1.3.1",
        "contentHash": "b9uFO1ALnFNECyTTJZxHjzQjThtsL8Z8P7YLyo5QFM5FWmjpHK1vPPcUYdPBCgwlBn/Ffszefq7fIsjQMIqQLg=="
      },
      "Injectio": {
        "type": "Direct",
        "requested": "[6.2.0, )",
        "resolved": "6.2.0",
        "contentHash": "MgtjdaL1LJojuOTG5Wak9/zrQWnk1o2NYFZZlOLX1AMqcvZj7DCIot31N/e7e9e81iEsQRyEV0ClKIdkozqkqA=="
      },
      "JetBrains.Annotations": {
        "type": "Direct",
        "requested": "[2026.2.0, )",
        "resolved": "2026.2.0",
        "contentHash": "drvAEaI7Xf4wU6dx4UTB9MoZWXZlraaQ0qoeThPQ411FxNhId7QdUTukIC9I8aUHP0ycAaGwZNKqSvfOZQvUlg=="
      },
      "JsonSchema.Net": {
        "type": "Direct",
        "requested": "[7.4.0, )",
        "resolved": "7.4.0",
        "contentHash": "5T3DWENwuCzLwFWz0qjXXVWA8+5+gC95OLkhqUBWpVpWBMr9gwfhWNeX8rWyr+fLQ7pIQ+lWuHIrmXRudxOOSw==",
        "dependencies": {
          "JsonPointer.Net": "5.3.1"
        }
      },
      "Meziantou.Analyzer": {
        "type": "Direct",
        "requested": "[3.0.296, )",
        "resolved": "3.0.296",
        "contentHash": "1Yp/6OK/Ev66hE2YLe9UvIgtJrKOX/xvoGDe0UbdtuG2ZxUoDoyONdEn+HWCDuy02Mu8SmglHEd/9SGPrM1qYg=="
      },
      "Microsoft.Extensions.DependencyInjection": {
        "type": "Direct",
        "requested": "[10.0.12, )",
        "resolved": "10.0.12",
        "contentHash": "lXyK2O5GoYvfxW8eCFcD16JFbcoSTM1sJkAM0UHS1jZyl9NYMW64Tqm6OQFT0IDBjZi+xHt95/Zg+nxZhGFhZg==",
        "dependencies": {
          "Microsoft.Extensions.DependencyInjection.Abstractions": "10.0.12"
        }
      },
      "NotificationMasterAPI": {
        "type": "Direct",
        "requested": "[1.0.0.4, )",
        "resolved": "1.0.0.4",
        "contentHash": "i9WU0oWvybpmlFkagxiCLSpBHSZlvJbBe5QMP8WaCV7dSRtZg/kQf59xxTb/BsdFN9DXEKcTQ0OCCAVe9N/qEg=="
      },
      "PunishLib": {
        "type": "Direct",
        "requested": "[2.0.0.1, )",
        "resolved": "2.0.0.1",
        "contentHash": "1wr+HPnJAywcO82+4/FyPW9m/cAzpE5L8gz+TFe2+gHpbDUJRuw3Od+JQNNzkcw3WDi73Z8fXW2n8n2Tjjvv2A==",
        "dependencies": {
          "ECommons": "3.2.0.11"
        }
      },
      "SixLabors.ImageSharp": {
        "type": "Direct",
        "requested": "[4.1.2, )",
        "resolved": "4.1.2",
        "contentHash": "AQ0oouhH/6qmXJC70/k50iVt7SiZRjCgd4tXXiC5ZrB5CvyBwA81HTqb5twcXz8CvTAFxUNV0TAcL83OhyRA1g==",
        "dependencies": {
          "System.IO.Hashing": "8.0.0"
        }
      },
      "System.Text.Json": {
        "type": "Direct",
        "requested": "[10.0.12, )",
        "resolved": "10.0.12",
        "contentHash": "AHlVpUiY96eC6Oar1Gf0YbafU7E2NUU9D80O2Xk5v7ryL3kpSsbI0EusJBE8kQfwPuDdUDoKUItArzXQHxomCg=="
      },
      "WrathCombo.API": {
        "type": "Direct",
        "requested": "[0.5.8, )",
        "resolved": "0.5.8",
        "contentHash": "AudBr8hlqPitv2hRs7i1Nh8ahUIZ1b9KmPjgPfiUMhjFjsRguH5XZlWdzKKM0wmOFvabgR8mLfXDrqBmzBgGSQ=="
      },
      "Humanizer.Core": {
        "type": "Transitive",
        "resolved": "2.14.1",
        "contentHash": "lQKvtaTDOXnoVJ20ibTuSIOf2i0uO0MPbDhd1jm238I+U/2ZnRENj0cktKZhtchBMtCUSRQ5v4xBCUbKNmyVMw=="
      },
      "Json.More.Net": {
        "type": "Transitive",
        "resolved": "2.1.1",
        "contentHash": "ZXAKl2VsdnIZeUo1PFII3Oi1m1L4YQjEyDjygHfHln5vgsjgIo749X6xWkv7qFYp8RROES+vOEfDcvvoVgs8kA=="
      },
      "JsonPointer.Net": {
        "type": "Transitive",
        "resolved": "5.3.1",
        "contentHash": "3e2OJjU0OaE26XC/klgxbJuXvteFWTDJIJv0ITYWcJEoskq7jzUwPSC1s0iz4wPPQnfN7vwwFmg2gJfwRAPwgw==",
        "dependencies": {
          "Humanizer.Core": "2.14.1",
          "Json.More.Net": "2.1.1"
        }
      },
      "Microsoft.Extensions.DependencyInjection.Abstractions": {
        "type": "Transitive",
        "resolved": "10.0.12",
        "contentHash": "9/qymSh7hVDMGTGwrLz8MRp5zRyXy9adGDOs4HwRdnLil3oZGYuWeZjbmHgCQ9BL1qBroVfgUK3U/nb61617Cw=="
      },
      "Microsoft.Extensions.Logging": {
        "type": "Transitive",
        "resolved": "8.0.0",
        "contentHash": "tvRkov9tAJ3xP51LCv3FJ2zINmv1P8Hi8lhhtcKGqM+ImiTCC84uOPEI4z8Cdq2C3o9e+Aa0Gw0rmrsJD77W+w==",
        "dependencies": {
          "Microsoft.Extensions.DependencyInjection": "8.0.0",
          "Microsoft.Extensions.Logging.Abstractions": "8.0.0",
          "Microsoft.Extensions.Options": "8.0.0"
        }
      },
      "Microsoft.Extensions.Logging.Abstractions": {
        "type": "Transitive",
        "resolved": "8.0.0",
        "contentHash": "arDBqTgFCyS0EvRV7O3MZturChstm50OJ0y9bDJvAcmEPJm0FFpFyjU/JLYyStNGGey081DvnQYlncNX5SJJGA==",
        "dependencies": {
          "Microsoft.Extensions.DependencyInjection.Abstractions": "8.0.0"
        }
      },
      "Microsoft.Extensions.Options": {
        "type": "Transitive",
        "resolved": "8.0.0",
        "contentHash": "JOVOfqpnqlVLUzINQ2fox8evY2SKLYJ3BV8QDe/Jyp21u1T7r45x/R/5QdteURMR5r01GxeJSBBUOCOyaNXA3g==",
        "dependencies": {
          "Microsoft.Extensions.DependencyInjection.Abstractions": "8.0.0",
          "Microsoft.Extensions.Primitives": "8.0.0"
        }
      },
      "Microsoft.Extensions.Primitives": {
        "type": "Transitive",
        "resolved": "8.0.0",
        "contentHash": "bXJEZrW9ny8vjMF1JV253WeLhpEVzFo1lyaZu1vQ4ZxWUlVvknZ/+ftFgVheLubb4eZPSwwxBeqS1JkCOjxd8g=="
      },
      "System.IO.Hashing": {
        "type": "Transitive",
        "resolved": "8.0.0",
        "contentHash": "ne1843evDugl0md7Fjzy6QjJrzsjh46ZKbhf8GwBXb5f/gw97J4bxMs0NQKifDuThh/f0bZ0e62NPl1jzTuRqA=="
      },
      "gatheringpaths": {
        "type": "Project",
        "dependencies": {
          "Questionable.Model": "[15.756.3.40, )"
        }
      },
      "questionable.model": {
        "type": "Project"
      },
      "questpaths": {
        "type": "Project",
        "dependencies": {
          "Questionable.Model": "[15.756.3.40, )"
        }
      }
    }
  }
}